
Microsoft Visual Studio Solution File, Format Version 12.00
# Visual Studio Version 16
VisualStudioVersion = 16.0.31205.134
MinimumVisualStudioVersion = 10.0.40219.1
Project("{FAE04EC0-301F-11D3-BF4B-00C04F79EFBC}") = "SamuelsShop", "SamuelsShop\SamuelsShop.csproj", "{58B07F1E-629F-4E48-AF6B-F5FC76A70055}"
EndProject
Global
	GlobalSection(SolutionConfigurationPlatforms) = preSolution
		Debug|Any CPU = Debug|Any CPU
		Release|Any CPU = Release|Any CPU
	EndGlobalSection
	GlobalSection(ProjectConfigurationPlatforms) = postSolution
		{58B07F1E-629F-4E48-AF6B-F5FC76A70055}.Debug|Any CPU.ActiveCfg = Debug|Any CPU
		{58B07F1E-629F-4E48-AF6B-F5FC76A70055}.Debug|Any CPU.Build.0 = Debug|Any CPU
		{58B07F1E-629F-4E48-AF6B-F5FC76A70055}.Release|Any CPU.ActiveCfg = Release|Any CPU
		{58B07F1E-629F-4E48-AF6B-F5FC76A70055}.Release|Any CPU.Build.0 = Release|Any CPU
	EndGlobalSection
	GlobalSection(SolutionProperties) = preSolution
		HideSolutionNode = FALSE
	EndGlobalSection
	GlobalSection(ExtensibilityGlobals) = postSolution
		SolutionGuid = {D7CD4CB4-02C9-4C64-BAFC-01D74664925B}
	EndGlobalSection
EndGlobal
